
Microsoft Visual Studio Solution File, Format Version 12.00
# Visual Studio Version 17
VisualStudioVersion = 17.7.34003.232
MinimumVisualStudioVersion = 10.0.40219.1
Project("{9A19103F-16F7-4668-BE54-9A1E7A4F7556}") = "Logistica.Api", "Logistica.Api\Logistica.Api.csproj", "{34C610C8-2F5E-4597-9458-A5D4D68B5155}"
EndProject
Global
	GlobalSection(SolutionConfigurationPlatforms) = preSolution
		Debug|Any CPU = Debug|Any CPU
		Release|Any CPU = Release|Any CPU
	EndGlobalSection
	GlobalSection(ProjectConfigurationPlatforms) = postSolution
		{34C610C8-2F5E-4597-9458-A5D4D68B5155}.Debug|Any CPU.ActiveCfg = Debug|Any CPU
		{34C610C8-2F5E-4597-9458-A5D4D68B5155}.Debug|Any CPU.Build.0 = Debug|Any CPU
		{34C610C8-2F5E-4597-9458-A5D4D68B5155}.Release|Any CPU.ActiveCfg = Release|Any CPU
		{34C610C8-2F5E-4597-9458-A5D4D68B5155}.Release|Any CPU.Build.0 = Release|Any CPU
	EndGlobalSection
	GlobalSection(SolutionProperties) = preSolution
		HideSolutionNode = FALSE
	EndGlobalSection
	GlobalSection(ExtensibilityGlobals) = postSolution
		SolutionGuid = {E2470282-7C87-449F-9D26-9E6048B994F0}
	EndGlobalSection
EndGlobal
